{
  "name": "2023",
  "version": "1.0.0",
  "lockfileVersion": 2,
  "requires": true,
  "packages": {
    "": {
      "name": "2023",
      "version": "1.0.0",
      "dependencies": {
        "autocorrect-node": "^2.8.4",
        "prettier": "^2.5.1"
      }
    },
    "node_modules/autocorrect-node": {
      "version": "2.8.4",
      "resolved": "https://registry.npmjs.org/autocorrect-node/-/autocorrect-node-2.8.4.tgz",
      "integrity": "sha512-65DUHJhIUwAlEtyDjYxE94sTT2anQtGXrPB7W9fdrk/Bm7ro4b7mjxQAP14lQlISXXtbNEJO1WABMqNpNbTjxQ==",
      "bin": {
        "autocorrect": "cli.js"
      },
      "engines": {
        "node": ">= 10"
      },
      "optionalDependencies": {
        "autocorrect-node-darwin-arm64": "2.8.4",
        "autocorrect-node-darwin-x64": "2.8.4",
        "autocorrect-node-linux-x64-gnu": "2.8.4",
        "autocorrect-node-linux-x64-musl": "2.8.4",
        "autocorrect-node-win32-x64-msvc": "2.8.4"
      }
    },
    "node_modules/autocorrect-node-darwin-arm64": {
      "version": "2.8.4",
      "resolved": "https://registry.npmjs.org/autocorrect-node-darwin-arm64/-/autocorrect-node-darwin-arm64-2.8.4.tgz",
      "integrity": "sha512-eJFsrZZZUJVPTbdA6hAmVUbTBaznIfkIwstcfn02CXLVKq15j00CXkNytQIdmKpBraTmxjub9kQvYY0Nz2h4DQ==",
      "cpu": [
        "arm64"
      ],
      "optional": true,
      "os": [
        "darwin"
      ],
      "engines": {
        "node": ">= 10"
      }
    },
    "node_modules/autocorrect-node-darwin-x64": {
      "version": "2.8.4",
      "resolved": "https://registry.npmjs.org/autocorrect-node-darwin-x64/-/autocorrect-node-darwin-x64-2.8.4.tgz",
      "integrity": "sha512-3QheEz2VgZnJcId7zgzbyC88CSmyHg+F93Bw5wsf7dTSwhVdnXeIIlYtXzFabp+c2aCi9lRAQkHFC9Om1CYkuQ==",
      "cpu": [
        "x64"
      ],
      "optional": true,
      "os": [
        "darwin"
      ],
      "engines": {
        "node": ">= 10"
      }
    },
    "node_modules/autocorrect-node-linux-x64-gnu": {
      "version": "2.8.4",
      "resolved": "https://registry.npmjs.org/autocorrect-node-linux-x64-gnu/-/autocorrect-node-linux-x64-gnu-2.8.4.tgz",
      "integrity": "sha512-0nR3VnxpfU6HINQiZjC2cz1YVxOTCn529VPqHsWz2H03BPbS9YskGzbRpujnLvwLCyyDlYXJJneFYD1G+9VPaA==",
      "cpu": [
        "x64"
      ],
      "optional": true,
      "os": [
        "linux"
      ],
      "engines": {
        "node": ">= 10"
      }
    },
    "node_modules/autocorrect-node-linux-x64-musl": {
      "version": "2.8.4",
      "resolved": "https://registry.npmjs.org/autocorrect-node-linux-x64-musl/-/autocorrect-node-linux-x64-musl-2.8.4.tgz",
      "integrity": "sha512-2LtKtaN6YWUnDtBpo2w5c7FSulozbt2kv9UigrckCX8M/AOVw0MA6uB5snglmKMx1f7fYC06/V4A7Ny1weUOGA==",
      "cpu": [
        "x64"
      ],
      "optional": true,
      "os": [
        "linux"
      ],
      "engines": {
        "node": ">= 10"
      }
    },
    "node_modules/autocorrect-node-win32-x64-msvc": {
      "version": "2.8.4",
      "resolved": "https://registry.npmjs.org/autocorrect-node-win32-x64-msvc/-/autocorrect-node-win32-x64-msvc-2.8.4.tgz",
      "integrity": "sha512-ExcoBqRjEVnK9n2AVy/dmkiUSnvs5P/VdzI909bCjej1XgOpXonsZ4vGPEPicRfiHb8dc7whl6sh5P/TunDB7A==",
      "cpu": [
        "x64"
      ],
      "optional": true,
      "os": [
        "win32"
      ],
      "engines": {
        "node": ">= 10"
      }
    },
    "node_modules/prettier": {
      "version": "2.5.1",
      "resolved": "https://registry.npmjs.org/prettier/-/prettier-2.5.1.tgz",
      "integrity": "sha512-vBZcPRUR5MZJwoyi3ZoyQlc1rXeEck8KgeC9AwwOn+exuxLxq5toTRDTSaVrXHxelDMHy9zlicw8u66yxoSUFg==",
      "bin": {
        "prettier": "bin-prettier.js"
      },
      "engines": {
        "node": ">=10.13.0"
      }
    }
  },
  "dependencies": {
    "autocorrect-node": {
      "version": "2.8.4",
      "resolved": "https://registry.npmjs.org/autocorrect-node/-/autocorrect-node-2.8.4.tgz",
      "integrity": "sha512-65DUHJhIUwAlEtyDjYxE94sTT2anQtGXrPB7W9fdrk/Bm7ro4b7mjxQAP14lQlISXXtbNEJO1WABMqNpNbTjxQ==",
      "requires": {
        "autocorrect-node-darwin-arm64": "2.8.4",
        "autocorrect-node-darwin-x64": "2.8.4",
        "autocorrect-node-linux-x64-gnu": "2.8.4",
        "autocorrect-node-linux-x64-musl": "2.8.4",
        "autocorrect-node-win32-x64-msvc": "2.8.4"
      }
    },
    "autocorrect-node-darwin-arm64": {
      "version": "2.8.4",
      "resolved": "https://registry.npmjs.org/autocorrect-node-darwin-arm64/-/autocorrect-node-darwin-arm64-2.8.4.tgz",
      "integrity": "sha512-eJFsrZZZUJVPTbdA6hAmVUbTBaznIfkIwstcfn02CXLVKq15j00CXkNytQIdmKpBraTmxjub9kQvYY0Nz2h4DQ==",
      "optional": true
    },
    "autocorrect-node-darwin-x64": {
      "version": "2.8.4",
      "resolved": "https://registry.npmjs.org/autocorrect-node-darwin-x64/-/autocorrect-node-darwin-x64-2.8.4.tgz",
      "integrity": "sha512-3QheEz2VgZnJcId7zgzbyC88CSmyHg+F93Bw5wsf7dTSwhVdnXeIIlYtXzFabp+c2aCi9lRAQkHFC9Om1CYkuQ==",
      "optional": true
    },
    "autocorrect-node-linux-x64-gnu": {
      "version": "2.8.4",
      "resolved": "https://registry.npmjs.org/autocorrect-node-linux-x64-gnu/-/autocorrect-node-linux-x64-gnu-2.8.4.tgz",
      "integrity": "sha512-0nR3VnxpfU6HINQiZjC2cz1YVxOTCn529VPqHsWz2H03BPbS9YskGzbRpujnLvwLCyyDlYXJJneFYD1G+9VPaA==",
      "optional": true
    },
    "autocorrect-node-linux-x64-musl": {
      "version": "2.8.4",
      "resolved": "https://registry.npmjs.org/autocorrect-node-linux-x64-musl/-/autocorrect-node-linux-x64-musl-2.8.4.tgz",
      "integrity": "sha512-2LtKtaN6YWUnDtBpo2w5c7FSulozbt2kv9UigrckCX8M/AOVw0MA6uB5snglmKMx1f7fYC06/V4A7Ny1weUOGA==",
      "optional": true
    },
    "autocorrect-node-win32-x64-msvc": {
      "version": "2.8.4",
      "resolved": "https://registry.npmjs.org/autocorrect-node-win32-x64-msvc/-/autocorrect-node-win32-x64-msvc-2.8.4.tgz",
      "integrity": "sha512-ExcoBqRjEVnK9n2AVy/dmkiUSnvs5P/VdzI909bCjej1XgOpXonsZ4vGPEPicRfiHb8dc7whl6sh5P/TunDB7A==",
      "optional": true
    },
    "prettier": {
      "version": "2.5.1",
      "resolved": "https://registry.npmjs.org/prettier/-/prettier-2.5.1.tgz",
      "integrity": "sha512-vBZcPRUR5MZJwoyi3ZoyQlc1rXeEck8KgeC9AwwOn+exuxLxq5toTRDTSaVrXHxelDMHy9zlicw8u66yxoSUFg=="
    }
  }
}
